
Microsoft Visual Studio Solution File, Format Version 12.00
# Visual Studio Version 17
VisualStudioVersion = 17.7.34018.315
MinimumVisualStudioVersion = 10.0.40219.1
Project("{FAE04EC0-301F-11D3-BF4B-00C04F79EFBC}") = "PBO Module Pratikum Task_2222410101019", "PBO Module Pratikum Task_2222410101019\PBO Module Pratikum Task_2222410101019.csproj", "{D3EB4C84-0C3A-46DE-807A-86F13052A951}"
EndProject
Global
	GlobalSection(SolutionConfigurationPlatforms) = preSolution
		Debug|Any CPU = Debug|Any CPU
		Release|Any CPU = Release|Any CPU
	EndGlobalSection
	GlobalSection(ProjectConfigurationPlatforms) = postSolution
		{D3EB4C84-0C3A-46DE-807A-86F13052A951}.Debug|Any CPU.ActiveCfg = Debug|Any CPU
		{D3EB4C84-0C3A-46DE-807A-86F13052A951}.Debug|Any CPU.Build.0 = Debug|Any CPU
		{D3EB4C84-0C3A-46DE-807A-86F13052A951}.Release|Any CPU.ActiveCfg = Release|Any CPU
		{D3EB4C84-0C3A-46DE-807A-86F13052A951}.Release|Any CPU.Build.0 = Release|Any CPU
	EndGlobalSection
	GlobalSection(SolutionProperties) = preSolution
		HideSolutionNode = FALSE
	EndGlobalSection
	GlobalSection(ExtensibilityGlobals) = postSolution
		SolutionGuid = {DBBED52E-E377-4F68-9FA7-E335775CCD42}
	EndGlobalSection
EndGlobal
